// !$*UTF8*$!
{
	archiveVersion = 1;
	classes = {
	};
	objectVersion = 46;
	objects = {

/* Begin PBXBuildFile section */
		74961DDB1F6671E900ED633B /* AppDelegate.swift in Sources */ = {isa = PBXBuildFile; fileRef = 74961DDA1F6671E900ED633B /* AppDelegate.swift */; };
		74961DDD1F6671E900ED633B /* FriendsViewController.swift in Sources */ = {isa = PBXBuildFile; fileRef = 74961DDC1F6671E900ED633B /* FriendsViewController.swift */; };
		74961DE31F6671E900ED633B /* Messenger.xcdatamodeld in Sources */ = {isa = PBXBuildFile; fileRef = 74961DE11F6671E900ED633B /* Messenger.xcdatamodeld */; };
		74961DE51F6671E900ED633B /* Assets.xcassets in Resources */ = {isa = PBXBuildFile; fileRef = 74961DE41F6671E900ED633B /* Assets.xcassets */; };
		74961DE81F6671E900ED633B /* LaunchScreen.storyboard in Resources */ = {isa = PBXBuildFile; fileRef = 74961DE61F6671E900ED633B /* LaunchScreen.storyboard */; };
		74961DF41F669EEB00ED633B /* UIView+Anchor.swift in Sources */ = {isa = PBXBuildFile; fileRef = 74961DF31F669EEB00ED633B /* UIView+Anchor.swift */; };
		74961DF71F66B09400ED633B /* MessageCell.swift in Sources */ = {isa = PBXBuildFile; fileRef = 74961DF61F66B09400ED633B /* MessageCell.swift */; };
		74961DFC1F66E41400ED633B /* Friend.swift in Sources */ = {isa = PBXBuildFile; fileRef = 74961DFB1F66E41400ED633B /* Friend.swift */; };
		74961DFE1F66E9C200ED633B /* FriendControllerHelper.swift in Sources */ = {isa = PBXBuildFile; fileRef = 74961DFD1F66E9C200ED633B /* FriendControllerHelper.swift */; };
		74961E1E1F66F87700ED633B /* Friend+CoreDataClass.swift in Sources */ = {isa = PBXBuildFile; fileRef = 74961E1A1F66F87700ED633B /* Friend+CoreDataClass.swift */; };
		74961E1F1F66F87700ED633B /* Friend+CoreDataProperties.swift in Sources */ = {isa = PBXBuildFile; fileRef = 74961E1B1F66F87700ED633B /* Friend+CoreDataProperties.swift */; };
		74961E201F66F87700ED633B /* Message+CoreDataClass.swift in Sources */ = {isa = PBXBuildFile; fileRef = 74961E1C1F66F87700ED633B /* Message+CoreDataClass.swift */; };
		74961E211F66F87700ED633B /* Message+CoreDataProperties.swift in Sources */ = {isa = PBXBuildFile; fileRef = 74961E1D1F66F87700ED633B /* Message+CoreDataProperties.swift */; };
		74961E231F67199700ED633B /* ChatLogController.swift in Sources */ = {isa = PBXBuildFile; fileRef = 74961E221F67199700ED633B /* ChatLogController.swift */; };
		74961E251F67B6E500ED633B /* CustomTabBarController.swift in Sources */ = {isa = PBXBuildFile; fileRef = 74961E241F67B6E500ED633B /* CustomTabBarController.swift */; };
		D2CD3A2D5EFE452CE78A3DF9 /* Pods_Messenger.framework in Frameworks */ = {isa = PBXBuildFile; fileRef = 1587C0C4D2DED3732B72710F /* Pods_Messenger.framework */; };
/* End PBXBuildFile section */

/* Begin PBXFileReference section */
		1587C0C4D2DED3732B72710F /* Pods_Messenger.framework */ = {isa = PBXFileReference; explicitFileType = wrapper.framework; includeInIndex = 0; path = Pods_Messenger.framework; sourceTree = BUILT_PRODUCTS_DIR; };
		15C0DE40825E9B241B0C5D77 /* Pods-Messenger.release.xcconfig */ = {isa = PBXFileReference; includeInIndex = 1; lastKnownFileType = text.xcconfig; name = "Pods-Messenger.release.xcconfig"; path = "Pods/Target Support Files/Pods-Messenger/Pods-Messenger.release.xcconfig"; sourceTree = "<group>"; };
		266E5BDB138CF9A09E362060 /* Pods-Messenger.debug.xcconfig */ = {isa = PBXFileReference; includeInIndex = 1; lastKnownFileType = text.xcconfig; name = "Pods-Messenger.debug.xcconfig"; path = "Pods/Target Support Files/Pods-Messenger/Pods-Messenger.debug.xcconfig"; sourceTree = "<group>"; };
		74961DD71F6671E900ED633B /* Messenger.app */ = {isa = PBXFileReference; explicitFileType = wrapper.application; includeInIndex = 0; path = Messenger.app; sourceTree = BUILT_PRODUCTS_DIR; };
		74961DDA1F6671E900ED633B /* AppDelegate.swift */ = {isa = PBXFileReference; lastKnownFileType = sourcecode.swift; path = AppDelegate.swift; sourceTree = "<group>"; };
		74961DDC1F6671E900ED633B /* FriendsViewController.swift */ = {isa = PBXFileReference; lastKnownFileType = sourcecode.swift; path = FriendsViewController.swift; sourceTree = "<group>"; };
		74961DE21F6671E900ED633B /* Messenger.xcdatamodel */ = {isa = PBXFileReference; lastKnownFileType = wrapper.xcdatamodel; path = Messenger.xcdatamodel; sourceTree = "<group>"; };
		74961DE41F6671E900ED633B /* Assets.xcassets */ = {isa = PBXFileReference; lastKnownFileType = folder.assetcatalog; path = Assets.xcassets; sourceTree = "<group>"; };
		74961DE71F6671E900ED633B /* Base */ = {isa = PBXFileReference; lastKnownFileType = file.storyboard; name = Base; path = Base.lproj/LaunchScreen.storyboard; sourceTree = "<group>"; };
		74961DE91F6671E900ED633B /* Info.plist */ = {isa = PBXFileReference; lastKnownFileType = text.plist.xml; path = Info.plist; sourceTree = "<group>"; };
		74961DF31F669EEB00ED633B /* UIView+Anchor.swift */ = {isa = PBXFileReference; fileEncoding = 4; lastKnownFileType = sourcecode.swift; path = "UIView+Anchor.swift"; sourceTree = "<group>"; };
		74961DF61F66B09400ED633B /* MessageCell.swift */ = {isa = PBXFileReference; fileEncoding = 4; lastKnownFileType = sourcecode.swift; path = MessageCell.swift; sourceTree = "<group>"; };
		74961DFB1F66E41400ED633B /* Friend.swift */ = {isa = PBXFileReference; fileEncoding = 4; lastKnownFileType = sourcecode.swift; path = Friend.swift; sourceTree = "<group>"; };
		74961DFD1F66E9C200ED633B /* FriendControllerHelper.swift */ = {isa = PBXFileReference; fileEncoding = 4; lastKnownFileType = sourcecode.swift; path = FriendControllerHelper.swift; sourceTree = "<group>"; };
		74961E1A1F66F87700ED633B /* Friend+CoreDataClass.swift */ = {isa = PBXFileReference; fileEncoding = 4; lastKnownFileType = sourcecode.swift; path = "Friend+CoreDataClass.swift"; sourceTree = "<group>"; };
		74961E1B1F66F87700ED633B /* Friend+CoreDataProperties.swift */ = {isa = PBXFileReference; fileEncoding = 4; lastKnownFileType = sourcecode.swift; path = "Friend+CoreDataProperties.swift"; sourceTree = "<group>"; };
		74961E1C1F66F87700ED633B /* Message+CoreDataClass.swift */ = {isa = PBXFileReference; fileEncoding = 4; lastKnownFileType = sourcecode.swift; path = "Message+CoreDataClass.swift"; sourceTree = "<group>"; };
		74961E1D1F66F87700ED633B /* Message+CoreDataProperties.swift */ = {isa = PBXFileReference; fileEncoding = 4; lastKnownFileType = sourcecode.swift; path = "Message+CoreDataProperties.swift"; sourceTree = "<group>"; };
		74961E221F67199700ED633B /* ChatLogController.swift */ = {isa = PBXFileReference; fileEncoding = 4; lastKnownFileType = sourcecode.swift; path = ChatLogController.swift; sourceTree = "<group>"; };
		74961E241F67B6E500ED633B /* CustomTabBarController.swift */ = {isa = PBXFileReference; fileEncoding = 4; lastKnownFileType = sourcecode.swift; path = CustomTabBarController.swift; sourceTree = "<group>"; };
/* End PBXFileReference section */

/* Begin PBXFrameworksBuildPhase section */
		74961DD41F6671E900ED633B /* Frameworks */ = {
			isa = PBXFrameworksBuildPhase;
			buildActionMask = 2147483647;
			files = (
				D2CD3A2D5EFE452CE78A3DF9 /* Pods_Messenger.framework in Frameworks */,
			);
			runOnlyForDeploymentPostprocessing = 0;
		};
/* End PBXFrameworksBuildPhase section */

/* Begin PBXGroup section */
		308FE88862D87C7060CBE640 /* Frameworks */ = {
			isa = PBXGroup;
			children = (
				1587C0C4D2DED3732B72710F /* Pods_Messenger.framework */,
			);
			name = Frameworks;
			sourceTree = "<group>";
		};
		3C0757964FDC0A21C5D9E2A1 /* Pods */ = {
			isa = PBXGroup;
			children = (
				266E5BDB138CF9A09E362060 /* Pods-Messenger.debug.xcconfig */,
				15C0DE40825E9B241B0C5D77 /* Pods-Messenger.release.xcconfig */,
			);
			name = Pods;
			sourceTree = "<group>";
		};
		74961DCE1F6671E900ED633B = {
			isa = PBXGroup;
			children = (
				74961DD91F6671E900ED633B /* Messenger */,
				74961DD81F6671E900ED633B /* Products */,
				3C0757964FDC0A21C5D9E2A1 /* Pods */,
				308FE88862D87C7060CBE640 /* Frameworks */,
			);
			sourceTree = "<group>";
		};
		74961DD81F6671E900ED633B /* Products */ = {
			isa = PBXGroup;
			children = (
				74961DD71F6671E900ED633B /* Messenger.app */,
			);
			name = Products;
			sourceTree = "<group>";
		};
		74961DD91F6671E900ED633B /* Messenger */ = {
			isa = PBXGroup;
			children = (
				74961DFF1F66ED5C00ED633B /* CoreData */,
				74961DFA1F66E3FB00ED633B /* Model */,
				74961DF91F66B0FF00ED633B /* Controller */,
				74961DF51F66B06700ED633B /* View */,
				74961DF81F66B0E900ED633B /* Support Files */,
				74961DF21F669ED200ED633B /* Extension */,
				74961DFD1F66E9C200ED633B /* FriendControllerHelper.swift */,
			);
			path = Messenger;
			sourceTree = "<group>";
		};
		74961DF21F669ED200ED633B /* Extension */ = {
			isa = PBXGroup;
			children = (
				74961DF31F669EEB00ED633B /* UIView+Anchor.swift */,
			);
			name = Extension;
			sourceTree = "<group>";
		};
		74961DF51F66B06700ED633B /* View */ = {
			isa = PBXGroup;
			children = (
				74961DF61F66B09400ED633B /* MessageCell.swift */,
			);
			name = View;
			sourceTree = "<group>";
		};
		74961DF81F66B0E900ED633B /* Support Files */ = {
			isa = PBXGroup;
			children = (
				74961DDA1F6671E900ED633B /* AppDelegate.swift */,
				74961DE41F6671E900ED633B /* Assets.xcassets */,
				74961DE61F6671E900ED633B /* LaunchScreen.storyboard */,
				74961DE91F6671E900ED633B /* Info.plist */,
			);
			name = "Support Files";
			sourceTree = "<group>";
		};
		74961DF91F66B0FF00ED633B /* Controller */ = {
			isa = PBXGroup;
			children = (
				74961DDC1F6671E900ED633B /* FriendsViewController.swift */,
				74961E221F67199700ED633B /* ChatLogController.swift */,
				74961E241F67B6E500ED633B /* CustomTabBarController.swift */,
			);
			name = Controller;
			sourceTree = "<group>";
		};
		74961DFA1F66E3FB00ED633B /* Model */ = {
			isa = PBXGroup;
			children = (
				74961DFB1F66E41400ED633B /* Friend.swift */,
			);
			name = Model;
			sourceTree = "<group>";
		};
		74961DFF1F66ED5C00ED633B /* CoreData */ = {
			isa = PBXGroup;
			children = (
				74961E1A1F66F87700ED633B /* Friend+CoreDataClass.swift */,
				74961E1B1F66F87700ED633B /* Friend+CoreDataProperties.swift */,
				74961E1C1F66F87700ED633B /* Message+CoreDataClass.swift */,
				74961E1D1F66F87700ED633B /* Message+CoreDataProperties.swift */,
				74961DE11F6671E900ED633B /* Messenger.xcdatamodeld */,
			);
			name = CoreData;
			path = ..;
			sourceTree = "<group>";
		};
/* End PBXGroup section */

/* Begin PBXNativeTarget section */
		74961DD61F6671E900ED633B /* Messenger */ = {
			isa = PBXNativeTarget;
			buildConfigurationList = 74961DEC1F6671E900ED633B /* Build configuration list for PBXNativeTarget "Messenger" */;
			buildPhases = (
				E6165770816D531C587BA217 /* [CP] Check Pods Manifest.lock */,
				74961DD31F6671E900ED633B /* Sources */,
				74961DD41F6671E900ED633B /* Frameworks */,
				74961DD51F6671E900ED633B /* Resources */,
				6BA95233AEEF7174DFE3E6DD /* [CP] Embed Pods Frameworks */,
				5AC042E25DCD043E8AE1618A /* [CP] Copy Pods Resources */,
			);
			buildRules = (
			);
			dependencies = (
			);
			name = Messenger;
			productName = Messenger;
			productReference = 74961DD71F6671E900ED633B /* Messenger.app */;
			productType = "com.apple.product-type.application";
		};
/* End PBXNativeTarget section */

/* Begin PBXProject section */
		74961DCF1F6671E900ED633B /* Project object */ = {
			isa = PBXProject;
			attributes = {
				LastSwiftUpdateCheck = 0830;
				LastUpgradeCheck = 0830;
				ORGANIZATIONNAME = Egor;
				TargetAttributes = {
					74961DD61F6671E900ED633B = {
						CreatedOnToolsVersion = 8.3.3;
						DevelopmentTeam = BB6356MAF8;
						ProvisioningStyle = Automatic;
					};
				};
			};
			buildConfigurationList = 74961DD21F6671E900ED633B /* Build configuration list for PBXProject "Messenger" */;
			compatibilityVersion = "Xcode 3.2";
			developmentRegion = English;
			hasScannedForEncodings = 0;
			knownRegions = (
				en,
				Base,
			);
			mainGroup = 74961DCE1F6671E900ED633B;
			productRefGroup = 74961DD81F6671E900ED633B /* Products */;
			projectDirPath = "";
			projectRoot = "";
			targets = (
				74961DD61F6671E900ED633B /* Messenger */,
			);
		};
/* End PBXProject section */

/* Begin PBXResourcesBuildPhase section */
		74961DD51F6671E900ED633B /* Resources */ = {
			isa = PBXResourcesBuildPhase;
			buildActionMask = 2147483647;
			files = (
				74961DE81F6671E900ED633B /* LaunchScreen.storyboard in Resources */,
				74961DE51F6671E900ED633B /* Assets.xcassets in Resources */,
			);
			runOnlyForDeploymentPostprocessing = 0;
		};
/* End PBXResourcesBuildPhase section */

/* Begin PBXShellScriptBuildPhase section */
		5AC042E25DCD043E8AE1618A /* [CP] Copy Pods Resources */ = {
			isa = PBXShellScriptBuildPhase;
			buildActionMask = 2147483647;
			files = (
			);
			inputPaths = (
			);
			name = "[CP] Copy Pods Resources";
			outputPaths = (
			);
			runOnlyForDeploymentPostprocessing = 0;
			shellPath = /bin/sh;
			shellScript = "\"${SRCROOT}/Pods/Target Support Files/Pods-Messenger/Pods-Messenger-resources.sh\"\n";
			showEnvVarsInLog = 0;
		};
		6BA95233AEEF7174DFE3E6DD /* [CP] Embed Pods Frameworks */ = {
			isa = PBXShellScriptBuildPhase;
			buildActionMask = 2147483647;
			files = (
			);
			inputPaths = (
			);
			name = "[CP] Embed Pods Frameworks";
			outputPaths = (
			);
			runOnlyForDeploymentPostprocessing = 0;
			shellPath = /bin/sh;
			shellScript = "\"${SRCROOT}/Pods/Target Support Files/Pods-Messenger/Pods-Messenger-frameworks.sh\"\n";
			showEnvVarsInLog = 0;
		};
		E6165770816D531C587BA217 /* [CP] Check Pods Manifest.lock */ = {
			isa = PBXShellScriptBuildPhase;
			buildActionMask = 2147483647;
			files = (
			);
			inputPaths = (
			);
			name = "[CP] Check Pods Manifest.lock";
			outputPaths = (
			);
			runOnlyForDeploymentPostprocessing = 0;
			shellPath = /bin/sh;
			shellScript = "diff \"${PODS_ROOT}/../Podfile.lock\" \"${PODS_ROOT}/Manifest.lock\" > /dev/null\nif [ $? != 0 ] ; then\n    # print error to STDERR\n    echo \"error: The sandbox is not in sync with the Podfile.lock. Run 'pod install' or update your CocoaPods installation.\" >&2\n    exit 1\nfi\n";
			showEnvVarsInLog = 0;
		};
/* End PBXShellScriptBuildPhase section */

/* Begin PBXSourcesBuildPhase section */
		74961DD31F6671E900ED633B /* Sources */ = {
			isa = PBXSourcesBuildPhase;
			buildActionMask = 2147483647;
			files = (
				74961E231F67199700ED633B /* ChatLogController.swift in Sources */,
				74961E211F66F87700ED633B /* Message+CoreDataProperties.swift in Sources */,
				74961DDD1F6671E900ED633B /* FriendsViewController.swift in Sources */,
				74961E1E1F66F87700ED633B /* Friend+CoreDataClass.swift in Sources */,
				74961E1F1F66F87700ED633B /* Friend+CoreDataProperties.swift in Sources */,
				74961DF41F669EEB00ED633B /* UIView+Anchor.swift in Sources */,
				74961DDB1F6671E900ED633B /* AppDelegate.swift in Sources */,
				74961DFE1F66E9C200ED633B /* FriendControllerHelper.swift in Sources */,
				74961DFC1F66E41400ED633B /* Friend.swift in Sources */,
				74961DE31F6671E900ED633B /* Messenger.xcdatamodeld in Sources */,
				74961E251F67B6E500ED633B /* CustomTabBarController.swift in Sources */,
				74961DF71F66B09400ED633B /* MessageCell.swift in Sources */,
				74961E201F66F87700ED633B /* Message+CoreDataClass.swift in Sources */,
			);
			runOnlyForDeploymentPostprocessing = 0;
		};
/* End PBXSourcesBuildPhase section */

/* Begin PBXVariantGroup section */
		74961DE61F6671E900ED633B /* LaunchScreen.storyboard */ = {
			isa = PBXVariantGroup;
			children = (
				74961DE71F6671E900ED633B /* Base */,
			);
			name = LaunchScreen.storyboard;
			sourceTree = "<group>";
		};
/* End PBXVariantGroup section */

/* Begin XCBuildConfiguration section */
		74961DEA1F6671E900ED633B /* Debug */ = {
			isa = XCBuildConfiguration;
			buildSettings = {
				ALWAYS_SEARCH_USER_PATHS = NO;
				CLANG_ANALYZER_NONNULL = YES;
				CLANG_ANALYZER_NUMBER_OBJECT_CONVERSION = YES_AGGRESSIVE;
				CLANG_CXX_LANGUAGE_STANDARD = "gnu++0x";
				CLANG_CXX_LIBRARY = "libc++";
				CLANG_ENABLE_MODULES = YES;
				CLANG_ENABLE_OBJC_ARC = YES;
				CLANG_WARN_BOOL_CONVERSION = YES;
				CLANG_WARN_CONSTANT_CONVERSION = YES;
				CLANG_WARN_DIRECT_OBJC_ISA_USAGE = YES_ERROR;
				CLANG_WARN_DOCUMENTATION_COMMENTS = YES;
				CLANG_WARN_EMPTY_BODY = YES;
				CLANG_WARN_ENUM_CONVERSION = YES;
				CLANG_WARN_INFINITE_RECURSION = YES;
				CLANG_WARN_INT_CONVERSION = YES;
				CLANG_WARN_OBJC_ROOT_CLASS = YES_ERROR;
				CLANG_WARN_SUSPICIOUS_MOVE = YES;
				CLANG_WARN_UNREACHABLE_CODE = YES;
				CLANG_WARN__DUPLICATE_METHOD_MATCH = YES;
				"CODE_SIGN_IDENTITY[sdk=iphoneos*]" = "iPhone Developer";
				COPY_PHASE_STRIP = NO;
				DEBUG_INFORMATION_FORMAT = dwarf;
				ENABLE_STRICT_OBJC_MSGSEND = YES;
				ENABLE_TESTABILITY = YES;
				GCC_C_LANGUAGE_STANDARD = gnu99;
				GCC_DYNAMIC_NO_PIC = NO;
				GCC_NO_COMMON_BLOCKS = YES;
				GCC_OPTIMIZATION_LEVEL = 0;
				GCC_PREPROCESSOR_DEFINITIONS = (
					"DEBUG=1",
					"$(inherited)",
				);
				GCC_WARN_64_TO_32_BIT_CONVERSION = YES;
				GCC_WARN_ABOUT_RETURN_TYPE = YES_ERROR;
				GCC_WARN_UNDECLARED_SELECTOR = YES;
				GCC_WARN_UNINITIALIZED_AUTOS = YES_AGGRESSIVE;
				GCC_WARN_UNUSED_FUNCTION = YES;
				GCC_WARN_UNUSED_VARIABLE = YES;
				IPHONEOS_DEPLOYMENT_TARGET = 10.3;
				MTL_ENABLE_DEBUG_INFO = YES;
				ONLY_ACTIVE_ARCH = YES;
				SDKROOT = iphoneos;
				SWIFT_ACTIVE_COMPILATION_CONDITIONS = DEBUG;
				SWIFT_OPTIMIZATION_LEVEL = "-Onone";
				TARGETED_DEVICE_FAMILY = "1,2";
			};
			name = Debug;
		};
		74961DEB1F6671E900ED633B /* Release */ = {
			isa = XCBuildConfiguration;
			buildSettings = {
				ALWAYS_SEARCH_USER_PATHS = NO;
				CLANG_ANALYZER_NONNULL = YES;
				CLANG_ANALYZER_NUMBER_OBJECT_CONVERSION = YES_AGGRESSIVE;
				CLANG_CXX_LANGUAGE_STANDARD = "gnu++0x";
				CLANG_CXX_LIBRARY = "libc++";
				CLANG_ENABLE_MODULES = YES;
				CLANG_ENABLE_OBJC_ARC = YES;
				CLANG_WARN_BOOL_CONVERSION = YES;
				CLANG_WARN_CONSTANT_CONVERSION = YES;
				CLANG_WARN_DIRECT_OBJC_ISA_USAGE = YES_ERROR;
				CLANG_WARN_DOCUMENTATION_COMMENTS = YES;
				CLANG_WARN_EMPTY_BODY = YES;
				CLANG_WARN_ENUM_CONVERSION = YES;
				CLANG_WARN_INFINITE_RECURSION = YES;
				CLANG_WARN_INT_CONVERSION = YES;
				CLANG_WARN_OBJC_ROOT_CLASS = YES_ERROR;
				CLANG_WARN_SUSPICIOUS_MOVE = YES;
				CLANG_WARN_UNREACHABLE_CODE = YES;
				CLANG_WARN__DUPLICATE_METHOD_MATCH = YES;
				"CODE_SIGN_IDENTITY[sdk=iphoneos*]" = "iPhone Developer";
				COPY_PHASE_STRIP = NO;
				DEBUG_INFORMATION_FORMAT = "dwarf-with-dsym";
				ENABLE_NS_ASSERTIONS = NO;
				ENABLE_STRICT_OBJC_MSGSEND = YES;
				GCC_C_LANGUAGE_STANDARD = gnu99;
				GCC_NO_COMMON_BLOCKS = YES;
				GCC_WARN_64_TO_32_BIT_CONVERSION = YES;
				GCC_WARN_ABOUT_RETURN_TYPE = YES_ERROR;
				GCC_WARN_UNDECLARED_SELECTOR = YES;
				GCC_WARN_UNINITIALIZED_AUTOS = YES_AGGRESSIVE;
				GCC_WARN_UNUSED_FUNCTION = YES;
				GCC_WARN_UNUSED_VARIABLE = YES;
				IPHONEOS_DEPLOYMENT_TARGET = 10.3;
				MTL_ENABLE_DEBUG_INFO = NO;
				SDKROOT = iphoneos;
				SWIFT_OPTIMIZATION_LEVEL = "-Owholemodule";
				TARGETED_DEVICE_FAMILY = "1,2";
				VALIDATE_PRODUCT = YES;
			};
			name = Release;
		};
		74961DED1F6671E900ED633B /* Debug */ = {
			isa = XCBuildConfiguration;
			baseConfigurationReference = 266E5BDB138CF9A09E362060 /* Pods-Messenger.debug.xcconfig */;
			buildSettings = {
				ASSETCATALOG_COMPILER_APPICON_NAME = AppIcon;
				DEVELOPMENT_TEAM = BB6356MAF8;
				INFOPLIST_FILE = Messenger/Info.plist;
				LD_RUNPATH_SEARCH_PATHS = "$(inherited) @executable_path/Frameworks";
				PRODUCT_BUNDLE_IDENTIFIER = Egor.Messenger;
				PRODUCT_NAME = "$(TARGET_NAME)";
				SWIFT_VERSION = 3.0;
			};
			name = Debug;
		};
		74961DEE1F6671E900ED633B /* Release */ = {
			isa = XCBuildConfiguration;
			baseConfigurationReference = 15C0DE40825E9B241B0C5D77 /* Pods-Messenger.release.xcconfig */;
			buildSettings = {
				ASSETCATALOG_COMPILER_APPICON_NAME = AppIcon;
				DEVELOPMENT_TEAM = BB6356MAF8;
				INFOPLIST_FILE = Messenger/Info.plist;
				LD_RUNPATH_SEARCH_PATHS = "$(inherited) @executable_path/Frameworks";
				PRODUCT_BUNDLE_IDENTIFIER = Egor.Messenger;
				PRODUCT_NAME = "$(TARGET_NAME)";
				SWIFT_VERSION = 3.0;
			};
			name = Release;
		};
/* End XCBuildConfiguration section */

/* Begin XCConfigurationList section */
		74961DD21F6671E900ED633B /* Build configuration list for PBXProject "Messenger" */ = {
			isa = XCConfigurationList;
			buildConfigurations = (
				74961DEA1F6671E900ED633B /* Debug */,
				74961DEB1F6671E900ED633B /* Release */,
			);
			defaultConfigurationIsVisible = 0;
			defaultConfigurationName = Release;
		};
		74961DEC1F6671E900ED633B /* Build configuration list for PBXNativeTarget "Messenger" */ = {
			isa = XCConfigurationList;
			buildConfigurations = (
				74961DED1F6671E900ED633B /* Debug */,
				74961DEE1F6671E900ED633B /* Release */,
			);
			defaultConfigurationIsVisible = 0;
			defaultConfigurationName = Release;
		};
/* End XCConfigurationList section */

/* Begin XCVersionGroup section */
		74961DE11F6671E900ED633B /* Messenger.xcdatamodeld */ = {
			isa = XCVersionGroup;
			children = (
				74961DE21F6671E900ED633B /* Messenger.xcdatamodel */,
			);
			currentVersion = 74961DE21F6671E900ED633B /* Messenger.xcdatamodel */;
			name = Messenger.xcdatamodeld;
			path = Messenger/Messenger.xcdatamodeld;
			sourceTree = "<group>";
			versionGroupType = wrapper.xcdatamodel;
		};
/* End XCVersionGroup section */
	};
	rootObject = 74961DCF1F6671E900ED633B /* Project object */;
}
